<?xml version="1.0" encoding="utf-8"?>
<Project ToolsVersion="15.0" xmlns="http://schemas.microsoft.com/developer/msbuild/2003">
  <ItemGroup>
    <ClCompile Include="C:\Users\Zach\Desktop\csmith-2.3.0\src\AbsExtension.cpp">
      <Filter>Source Files</Filter>
    </ClCompile>
    <ClCompile Include="C:\Users\Zach\Desktop\csmith-2.3.0\src\AbsProgramGenerator.cpp">
      <Filter>Source Files</Filter>
    </ClCompile>
    <ClCompile Include="C:\Users\Zach\Desktop\csmith-2.3.0\src\AbsRndNumGenerator.cpp">
      <Filter>Source Files</Filter>
    </ClCompile>
    <ClCompile Include="C:\Users\Zach\Desktop\csmith-2.3.0\src\ArrayVariable.cpp">
      <Filter>Source Files</Filter>
    </ClCompile>
    <ClCompile Include="C:\Users\Zach\Desktop\csmith-2.3.0\src\Block.cpp">
      <Filter>Source Files</Filter>
    </ClCompile>
    <ClCompile Include="C:\Users\Zach\Desktop\csmith-2.3.0\src\Bookkeeper.cpp">
      <Filter>Source Files</Filter>
    </ClCompile>
    <ClCompile Include="C:\Users\Zach\Desktop\csmith-2.3.0\src\CFGEdge.cpp">
      <Filter>Source Files</Filter>
    </ClCompile>
    <ClCompile Include="C:\Users\Zach\Desktop\csmith-2.3.0\src\CGContext.cpp">
      <Filter>Source Files</Filter>
    </ClCompile>
    <ClCompile Include="C:\Users\Zach\Desktop\csmith-2.3.0\src\CGOptions.cpp">
      <Filter>Source Files</Filter>
    </ClCompile>
    <ClCompile Include="C:\Users\Zach\Desktop\csmith-2.3.0\src\CVQualifiers.cpp">
      <Filter>Source Files</Filter>
    </ClCompile>
    <ClCompile Include="C:\Users\Zach\Desktop\csmith-2.3.0\src\CompatibleChecker.cpp">
      <Filter>Source Files</Filter>
    </ClCompile>
    <ClCompile Include="C:\Users\Zach\Desktop\csmith-2.3.0\src\Constant.cpp">
      <Filter>Source Files</Filter>
    </ClCompile>
    <ClCompile Include="C:\Users\Zach\Desktop\csmith-2.3.0\src\CoverageTestExtension.cpp">
      <Filter>Source Files</Filter>
    </ClCompile>
    <ClCompile Include="C:\Users\Zach\Desktop\csmith-2.3.0\src\CrestExtension.cpp">
      <Filter>Source Files</Filter>
    </ClCompile>
    <ClCompile Include="C:\Users\Zach\Desktop\csmith-2.3.0\src\DFSOutputMgr.cpp">
      <Filter>Source Files</Filter>
    </ClCompile>
    <ClCompile Include="C:\Users\Zach\Desktop\csmith-2.3.0\src\DFSProgramGenerator.cpp">
      <Filter>Source Files</Filter>
    </ClCompile>
    <ClCompile Include="C:\Users\Zach\Desktop\csmith-2.3.0\src\DFSRndNumGenerator.cpp">
      <Filter>Source Files</Filter>
    </ClCompile>
    <ClCompile Include="C:\Users\Zach\Desktop\csmith-2.3.0\src\DefaultOutputMgr.cpp">
      <Filter>Source Files</Filter>
    </ClCompile>
    <ClCompile Include="C:\Users\Zach\Desktop\csmith-2.3.0\src\DefaultProgramGenerator.cpp">
      <Filter>Source Files</Filter>
    </ClCompile>
    <ClCompile Include="C:\Users\Zach\Desktop\csmith-2.3.0\src\DefaultRndNumGenerator.cpp">
      <Filter>Source Files</Filter>
    </ClCompile>
    <ClCompile Include="C:\Users\Zach\Desktop\csmith-2.3.0\src\DeltaMonitor.cpp">
      <Filter>Source Files</Filter>
    </ClCompile>
    <ClCompile Include="C:\Users\Zach\Desktop\csmith-2.3.0\src\DepthSpec.cpp">
      <Filter>Source Files</Filter>
    </ClCompile>
    <ClCompile Include="C:\Users\Zach\Desktop\csmith-2.3.0\src\Effect.cpp">
      <Filter>Source Files</Filter>
    </ClCompile>
    <ClCompile Include="C:\Users\Zach\Desktop\csmith-2.3.0\src\Error.cpp">
      <Filter>Source Files</Filter>
    </ClCompile>
    <ClCompile Include="C:\Users\Zach\Desktop\csmith-2.3.0\src\Expression.cpp">
      <Filter>Source Files</Filter>
    </ClCompile>
    <ClCompile Include="C:\Users\Zach\Desktop\csmith-2.3.0\src\ExpressionAssign.cpp">
      <Filter>Source Files</Filter>
    </ClCompile>
    <ClCompile Include="C:\Users\Zach\Desktop\csmith-2.3.0\src\ExpressionComma.cpp">
      <Filter>Source Files</Filter>
    </ClCompile>
    <ClCompile Include="C:\Users\Zach\Desktop\csmith-2.3.0\src\ExpressionFuncall.cpp">
      <Filter>Source Files</Filter>
    </ClCompile>
    <ClCompile Include="C:\Users\Zach\Desktop\csmith-2.3.0\src\ExpressionVariable.cpp">
      <Filter>Source Files</Filter>
    </ClCompile>
    <ClCompile Include="C:\Users\Zach\Desktop\csmith-2.3.0\src\ExtensionMgr.cpp">
      <Filter>Source Files</Filter>
    </ClCompile>
    <ClCompile Include="C:\Users\Zach\Desktop\csmith-2.3.0\src\ExtensionValue.cpp">
      <Filter>Source Files</Filter>
    </ClCompile>
    <ClCompile Include="C:\Users\Zach\Desktop\csmith-2.3.0\src\Fact.cpp">
      <Filter>Source Files</Filter>
    </ClCompile>
    <ClCompile Include="C:\Users\Zach\Desktop\csmith-2.3.0\src\FactMgr.cpp">
      <Filter>Source Files</Filter>
    </ClCompile>
    <ClCompile Include="C:\Users\Zach\Desktop\csmith-2.3.0\src\FactPointTo.cpp">
      <Filter>Source Files</Filter>
    </ClCompile>
    <ClCompile Include="C:\Users\Zach\Desktop\csmith-2.3.0\src\FactUnion.cpp">
      <Filter>Source Files</Filter>
    </ClCompile>
    <ClCompile Include="C:\Users\Zach\Desktop\csmith-2.3.0\src\Filter.cpp">
      <Filter>Source Files</Filter>
    </ClCompile>
    <ClCompile Include="C:\Users\Zach\Desktop\csmith-2.3.0\src\Finalization.cpp">
      <Filter>Source Files</Filter>
    </ClCompile>
    <ClCompile Include="C:\Users\Zach\Desktop\csmith-2.3.0\src\Function.cpp">
      <Filter>Source Files</Filter>
    </ClCompile>
    <ClCompile Include="C:\Users\Zach\Desktop\csmith-2.3.0\src\FunctionInvocation.cpp">
      <Filter>Source Files</Filter>
    </ClCompile>
    <ClCompile Include="C:\Users\Zach\Desktop\csmith-2.3.0\src\FunctionInvocationBinary.cpp">
      <Filter>Source Files</Filter>
    </ClCompile>
    <ClCompile Include="C:\Users\Zach\Desktop\csmith-2.3.0\src\FunctionInvocationUnary.cpp">
      <Filter>Source Files</Filter>
    </ClCompile>
    <ClCompile Include="C:\Users\Zach\Desktop\csmith-2.3.0\src\FunctionInvocationUser.cpp">
      <Filter>Source Files</Filter>
    </ClCompile>
    <ClCompile Include="C:\Users\Zach\Desktop\csmith-2.3.0\src\KleeExtension.cpp">
      <Filter>Source Files</Filter>
    </ClCompile>
    <ClCompile Include="C:\Users\Zach\Desktop\csmith-2.3.0\src\Lhs.cpp">
      <Filter>Source Files</Filter>
    </ClCompile>
    <ClCompile Include="C:\Users\Zach\Desktop\csmith-2.3.0\src\LinearSequence.cpp">
      <Filter>Source Files</Filter>
    </ClCompile>
    <ClCompile Include="C:\Users\Zach\Desktop\csmith-2.3.0\src\MspFilters.cpp">
      <Filter>Source Files</Filter>
    </ClCompile>
    <ClCompile Include="C:\Users\Zach\Desktop\csmith-2.3.0\src\OutputMgr.cpp">
      <Filter>Source Files</Filter>
    </ClCompile>
    <ClCompile Include="C:\Users\Zach\Desktop\csmith-2.3.0\src\PartialExpander.cpp">
      <Filter>Source Files</Filter>
    </ClCompile>
    <ClCompile Include="C:\Users\Zach\Desktop\csmith-2.3.0\src\Probabilities.cpp">
      <Filter>Source Files</Filter>
    </ClCompile>
    <ClCompile Include="C:\Users\Zach\Desktop\csmith-2.3.0\src\RandomNumber.cpp">
      <Filter>Source Files</Filter>
    </ClCompile>
    <ClCompile Include="C:\Users\Zach\Desktop\csmith-2.3.0\src\RandomProgramGenerator.cpp">
      <Filter>Source Files</Filter>
    </ClCompile>
    <ClCompile Include="C:\Users\Zach\Desktop\csmith-2.3.0\src\Reducer.cpp">
      <Filter>Source Files</Filter>
    </ClCompile>
    <ClCompile Include="C:\Users\Zach\Desktop\csmith-2.3.0\src\ReducerOutputMgr.cpp">
      <Filter>Source Files</Filter>
    </ClCompile>
    <ClCompile Include="C:\Users\Zach\Desktop\csmith-2.3.0\src\SafeOpFlags.cpp">
      <Filter>Source Files</Filter>
    </ClCompile>
    <ClCompile Include="C:\Users\Zach\Desktop\csmith-2.3.0\src\Sequence.cpp">
      <Filter>Source Files</Filter>
    </ClCompile>
    <ClCompile Include="C:\Users\Zach\Desktop\csmith-2.3.0\src\SequenceFactory.cpp">
      <Filter>Source Files</Filter>
    </ClCompile>
    <ClCompile Include="C:\Users\Zach\Desktop\csmith-2.3.0\src\SimpleDeltaRndNumGenerator.cpp">
      <Filter>Source Files</Filter>
    </ClCompile>
    <ClCompile Include="C:\Users\Zach\Desktop\csmith-2.3.0\src\SimpleDeltaSequence.cpp">
      <Filter>Source Files</Filter>
    </ClCompile>
    <ClCompile Include="C:\Users\Zach\Desktop\csmith-2.3.0\src\SplatExtension.cpp">
      <Filter>Source Files</Filter>
    </ClCompile>
    <ClCompile Include="C:\Users\Zach\Desktop\csmith-2.3.0\src\Statement.cpp">
      <Filter>Source Files</Filter>
    </ClCompile>
    <ClCompile Include="C:\Users\Zach\Desktop\csmith-2.3.0\src\StatementArrayOp.cpp">
      <Filter>Source Files</Filter>
    </ClCompile>
    <ClCompile Include="C:\Users\Zach\Desktop\csmith-2.3.0\src\StatementAssign.cpp">
      <Filter>Source Files</Filter>
    </ClCompile>
    <ClCompile Include="C:\Users\Zach\Desktop\csmith-2.3.0\src\StatementBreak.cpp">
      <Filter>Source Files</Filter>
    </ClCompile>
    <ClCompile Include="C:\Users\Zach\Desktop\csmith-2.3.0\src\StatementContinue.cpp">
      <Filter>Source Files</Filter>
    </ClCompile>
    <ClCompile Include="C:\Users\Zach\Desktop\csmith-2.3.0\src\StatementExpr.cpp">
      <Filter>Source Files</Filter>
    </ClCompile>
    <ClCompile Include="C:\Users\Zach\Desktop\csmith-2.3.0\src\StatementFor.cpp">
      <Filter>Source Files</Filter>
    </ClCompile>
    <ClCompile Include="C:\Users\Zach\Desktop\csmith-2.3.0\src\StatementGoto.cpp">
      <Filter>Source Files</Filter>
    </ClCompile>
    <ClCompile Include="C:\Users\Zach\Desktop\csmith-2.3.0\src\StatementIf.cpp">
      <Filter>Source Files</Filter>
    </ClCompile>
    <ClCompile Include="C:\Users\Zach\Desktop\csmith-2.3.0\src\StatementReturn.cpp">
      <Filter>Source Files</Filter>
    </ClCompile>
    <ClCompile Include="C:\Users\Zach\Desktop\csmith-2.3.0\src\StringUtils.cpp">
      <Filter>Source Files</Filter>
    </ClCompile>
    <ClCompile Include="C:\Users\Zach\Desktop\csmith-2.3.0\src\Type.cpp">
      <Filter>Source Files</Filter>
    </ClCompile>
    <ClCompile Include="C:\Users\Zach\Desktop\csmith-2.3.0\src\Variable.cpp">
      <Filter>Source Files</Filter>
    </ClCompile>
    <ClCompile Include="C:\Users\Zach\Desktop\csmith-2.3.0\src\VariableSelector.cpp">
      <Filter>Source Files</Filter>
    </ClCompile>
    <ClCompile Include="C:\Users\Zach\Desktop\csmith-2.3.0\src\VectorFilter.cpp">
      <Filter>Source Files</Filter>
    </ClCompile>
    <ClCompile Include="C:\Users\Zach\Desktop\csmith-2.3.0\src\platform.cpp">
      <Filter>Source Files</Filter>
    </ClCompile>
    <ClCompile Include="C:\Users\Zach\Desktop\csmith-2.3.0\src\random.cpp">
      <Filter>Source Files</Filter>
    </ClCompile>
    <ClCompile Include="C:\Users\Zach\Desktop\csmith-2.3.0\src\util.cpp">
      <Filter>Source Files</Filter>
    </ClCompile>
    <ClCompile Include="C:\Users\Zach\Desktop\csmith-2.3.0\src\git_version.cpp">
      <Filter>Source Files</Filter>
    </ClCompile>
    <ClCompile Include="C:\Users\Zach\Desktop\csmith-2.3.0\src\rand48\_rand48.c">
      <Filter>Source Files</Filter>
    </ClCompile>
    <ClCompile Include="C:\Users\Zach\Desktop\csmith-2.3.0\src\rand48\lrand48.c">
      <Filter>Source Files</Filter>
    </ClCompile>
    <ClCompile Include="C:\Users\Zach\Desktop\csmith-2.3.0\src\rand48\srand48.c">
      <Filter>Source Files</Filter>
    </ClCompile>
  </ItemGroup>
  <ItemGroup>
    <ClInclude Include="C:\Users\Zach\Desktop\csmith-2.3.0\config.h">
      <Filter>Header Files</Filter>
    </ClInclude>
    <ClInclude Include="C:\Users\Zach\Desktop\csmith-2.3.0\src\AbsExtension.h">
      <Filter>Header Files</Filter>
    </ClInclude>
    <ClInclude Include="C:\Users\Zach\Desktop\csmith-2.3.0\src\AbsProgramGenerator.h">
      <Filter>Header Files</Filter>
    </ClInclude>
    <ClInclude Include="C:\Users\Zach\Desktop\csmith-2.3.0\src\AbsRndNumGenerator.h">
      <Filter>Header Files</Filter>
    </ClInclude>
    <ClInclude Include="C:\Users\Zach\Desktop\csmith-2.3.0\src\ArrayVariable.h">
      <Filter>Header Files</Filter>
    </ClInclude>
    <ClInclude Include="C:\Users\Zach\Desktop\csmith-2.3.0\src\Block.h">
      <Filter>Header Files</Filter>
    </ClInclude>
    <ClInclude Include="C:\Users\Zach\Desktop\csmith-2.3.0\src\Bookkeeper.h">
      <Filter>Header Files</Filter>
    </ClInclude>
    <ClInclude Include="C:\Users\Zach\Desktop\csmith-2.3.0\src\CFGEdge.h">
      <Filter>Header Files</Filter>
    </ClInclude>
    <ClInclude Include="C:\Users\Zach\Desktop\csmith-2.3.0\src\CGContext.h">
      <Filter>Header Files</Filter>
    </ClInclude>
    <ClInclude Include="C:\Users\Zach\Desktop\csmith-2.3.0\src\CGOptions.h">
      <Filter>Header Files</Filter>
    </ClInclude>
    <ClInclude Include="C:\Users\Zach\Desktop\csmith-2.3.0\src\CVQualifiers.h">
      <Filter>Header Files</Filter>
    </ClInclude>
    <ClInclude Include="C:\Users\Zach\Desktop\csmith-2.3.0\src\Common.h">
      <Filter>Header Files</Filter>
    </ClInclude>
    <ClInclude Include="C:\Users\Zach\Desktop\csmith-2.3.0\src\CommonMacros.h">
      <Filter>Header Files</Filter>
    </ClInclude>
    <ClInclude Include="C:\Users\Zach\Desktop\csmith-2.3.0\src\CompatibleChecker.h">
      <Filter>Header Files</Filter>
    </ClInclude>
    <ClInclude Include="C:\Users\Zach\Desktop\csmith-2.3.0\src\Constant.h">
      <Filter>Header Files</Filter>
    </ClInclude>
    <ClInclude Include="C:\Users\Zach\Desktop\csmith-2.3.0\src\CoverageTestExtension.h">
      <Filter>Header Files</Filter>
    </ClInclude>
    <ClInclude Include="C:\Users\Zach\Desktop\csmith-2.3.0\src\CrestExtension.h">
      <Filter>Header Files</Filter>
    </ClInclude>
    <ClInclude Include="C:\Users\Zach\Desktop\csmith-2.3.0\src\DFSOutputMgr.h">
      <Filter>Header Files</Filter>
    </ClInclude>
    <ClInclude Include="C:\Users\Zach\Desktop\csmith-2.3.0\src\DFSProgramGenerator.h">
      <Filter>Header Files</Filter>
    </ClInclude>
    <ClInclude Include="C:\Users\Zach\Desktop\csmith-2.3.0\src\DFSRndNumGenerator.h">
      <Filter>Header Files</Filter>
    </ClInclude>
    <ClInclude Include="C:\Users\Zach\Desktop\csmith-2.3.0\src\DefaultOutputMgr.h">
      <Filter>Header Files</Filter>
    </ClInclude>
    <ClInclude Include="C:\Users\Zach\Desktop\csmith-2.3.0\src\DefaultProgramGenerator.h">
      <Filter>Header Files</Filter>
    </ClInclude>
    <ClInclude Include="C:\Users\Zach\Desktop\csmith-2.3.0\src\DefaultRndNumGenerator.h">
      <Filter>Header Files</Filter>
    </ClInclude>
    <ClInclude Include="C:\Users\Zach\Desktop\csmith-2.3.0\src\DeltaMonitor.h">
      <Filter>Header Files</Filter>
    </ClInclude>
    <ClInclude Include="C:\Users\Zach\Desktop\csmith-2.3.0\src\DepthSpec.h">
      <Filter>Header Files</Filter>
    </ClInclude>
    <ClInclude Include="C:\Users\Zach\Desktop\csmith-2.3.0\src\Effect.h">
      <Filter>Header Files</Filter>
    </ClInclude>
    <ClInclude Include="C:\Users\Zach\Desktop\csmith-2.3.0\src\Enumerator.h">
      <Filter>Header Files</Filter>
    </ClInclude>
    <ClInclude Include="C:\Users\Zach\Desktop\csmith-2.3.0\src\Error.h">
      <Filter>Header Files</Filter>
    </ClInclude>
    <ClInclude Include="C:\Users\Zach\Desktop\csmith-2.3.0\src\Expression.h">
      <Filter>Header Files</Filter>
    </ClInclude>
    <ClInclude Include="C:\Users\Zach\Desktop\csmith-2.3.0\src\ExpressionAssign.h">
      <Filter>Header Files</Filter>
    </ClInclude>
    <ClInclude Include="C:\Users\Zach\Desktop\csmith-2.3.0\src\ExpressionComma.h">
      <Filter>Header Files</Filter>
    </ClInclude>
    <ClInclude Include="C:\Users\Zach\Desktop\csmith-2.3.0\src\ExpressionFuncall.h">
      <Filter>Header Files</Filter>
    </ClInclude>
    <ClInclude Include="C:\Users\Zach\Desktop\csmith-2.3.0\src\ExpressionVariable.h">
      <Filter>Header Files</Filter>
    </ClInclude>
    <ClInclude Include="C:\Users\Zach\Desktop\csmith-2.3.0\src\ExtensionMgr.h">
      <Filter>Header Files</Filter>
    </ClInclude>
    <ClInclude Include="C:\Users\Zach\Desktop\csmith-2.3.0\src\ExtensionValue.h">
      <Filter>Header Files</Filter>
    </ClInclude>
    <ClInclude Include="C:\Users\Zach\Desktop\csmith-2.3.0\src\Fact.h">
      <Filter>Header Files</Filter>
    </ClInclude>
    <ClInclude Include="C:\Users\Zach\Desktop\csmith-2.3.0\src\FactMgr.h">
      <Filter>Header Files</Filter>
    </ClInclude>
    <ClInclude Include="C:\Users\Zach\Desktop\csmith-2.3.0\src\FactPointTo.h">
      <Filter>Header Files</Filter>
    </ClInclude>
    <ClInclude Include="C:\Users\Zach\Desktop\csmith-2.3.0\src\FactUnion.h">
      <Filter>Header Files</Filter>
    </ClInclude>
    <ClInclude Include="C:\Users\Zach\Desktop\csmith-2.3.0\src\Filter.h">
      <Filter>Header Files</Filter>
    </ClInclude>
    <ClInclude Include="C:\Users\Zach\Desktop\csmith-2.3.0\src\Finalization.h">
      <Filter>Header Files</Filter>
    </ClInclude>
    <ClInclude Include="C:\Users\Zach\Desktop\csmith-2.3.0\src\Function.h">
      <Filter>Header Files</Filter>
    </ClInclude>
    <ClInclude Include="C:\Users\Zach\Desktop\csmith-2.3.0\src\FunctionInvocation.h">
      <Filter>Header Files</Filter>
    </ClInclude>
    <ClInclude Include="C:\Users\Zach\Desktop\csmith-2.3.0\src\FunctionInvocationBinary.h">
      <Filter>Header Files</Filter>
    </ClInclude>
    <ClInclude Include="C:\Users\Zach\Desktop\csmith-2.3.0\src\FunctionInvocationUnary.h">
      <Filter>Header Files</Filter>
    </ClInclude>
    <ClInclude Include="C:\Users\Zach\Desktop\csmith-2.3.0\src\FunctionInvocationUser.h">
      <Filter>Header Files</Filter>
    </ClInclude>
    <ClInclude Include="C:\Users\Zach\Desktop\csmith-2.3.0\src\KleeExtension.h">
      <Filter>Header Files</Filter>
    </ClInclude>
    <ClInclude Include="C:\Users\Zach\Desktop\csmith-2.3.0\src\Lhs.h">
      <Filter>Header Files</Filter>
    </ClInclude>
    <ClInclude Include="C:\Users\Zach\Desktop\csmith-2.3.0\src\LinearSequence.h">
      <Filter>Header Files</Filter>
    </ClInclude>
    <ClInclude Include="C:\Users\Zach\Desktop\csmith-2.3.0\src\MspFilters.h">
      <Filter>Header Files</Filter>
    </ClInclude>
    <ClInclude Include="C:\Users\Zach\Desktop\csmith-2.3.0\src\OutputMgr.h">
      <Filter>Header Files</Filter>
    </ClInclude>
    <ClInclude Include="C:\Users\Zach\Desktop\csmith-2.3.0\src\PartialExpander.h">
      <Filter>Header Files</Filter>
    </ClInclude>
    <ClInclude Include="C:\Users\Zach\Desktop\csmith-2.3.0\src\Probabilities.h">
      <Filter>Header Files</Filter>
    </ClInclude>
    <ClInclude Include="C:\Users\Zach\Desktop\csmith-2.3.0\src\ProbabilityTable.h">
      <Filter>Header Files</Filter>
    </ClInclude>
    <ClInclude Include="C:\Users\Zach\Desktop\csmith-2.3.0\src\RandomNumber.h">
      <Filter>Header Files</Filter>
    </ClInclude>
    <ClInclude Include="C:\Users\Zach\Desktop\csmith-2.3.0\src\Reducer.h">
      <Filter>Header Files</Filter>
    </ClInclude>
    <ClInclude Include="C:\Users\Zach\Desktop\csmith-2.3.0\src\ReducerOutputMgr.h">
      <Filter>Header Files</Filter>
    </ClInclude>
    <ClInclude Include="C:\Users\Zach\Desktop\csmith-2.3.0\src\SafeOpFlags.h">
      <Filter>Header Files</Filter>
    </ClInclude>
    <ClInclude Include="C:\Users\Zach\Desktop\csmith-2.3.0\src\Sequence.h">
      <Filter>Header Files</Filter>
    </ClInclude>
    <ClInclude Include="C:\Users\Zach\Desktop\csmith-2.3.0\src\SequenceFactory.h">
      <Filter>Header Files</Filter>
    </ClInclude>
    <ClInclude Include="C:\Users\Zach\Desktop\csmith-2.3.0\src\SequenceLineParser.h">
      <Filter>Header Files</Filter>
    </ClInclude>
    <ClInclude Include="C:\Users\Zach\Desktop\csmith-2.3.0\src\SimpleDeltaRndNumGenerator.h">
      <Filter>Header Files</Filter>
    </ClInclude>
    <ClInclude Include="C:\Users\Zach\Desktop\csmith-2.3.0\src\SimpleDeltaSequence.h">
      <Filter>Header Files</Filter>
    </ClInclude>
    <ClInclude Include="C:\Users\Zach\Desktop\csmith-2.3.0\src\SplatExtension.h">
      <Filter>Header Files</Filter>
    </ClInclude>
    <ClInclude Include="C:\Users\Zach\Desktop\csmith-2.3.0\src\Statement.h">
      <Filter>Header Files</Filter>
    </ClInclude>
    <ClInclude Include="C:\Users\Zach\Desktop\csmith-2.3.0\src\StatementArrayOp.h">
      <Filter>Header Files</Filter>
    </ClInclude>
    <ClInclude Include="C:\Users\Zach\Desktop\csmith-2.3.0\src\StatementAssign.h">
      <Filter>Header Files</Filter>
    </ClInclude>
    <ClInclude Include="C:\Users\Zach\Desktop\csmith-2.3.0\src\StatementBreak.h">
      <Filter>Header Files</Filter>
    </ClInclude>
    <ClInclude Include="C:\Users\Zach\Desktop\csmith-2.3.0\src\StatementContinue.h">
      <Filter>Header Files</Filter>
    </ClInclude>
    <ClInclude Include="C:\Users\Zach\Desktop\csmith-2.3.0\src\StatementExpr.h">
      <Filter>Header Files</Filter>
    </ClInclude>
    <ClInclude Include="C:\Users\Zach\Desktop\csmith-2.3.0\src\StatementFor.h">
      <Filter>Header Files</Filter>
    </ClInclude>
    <ClInclude Include="C:\Users\Zach\Desktop\csmith-2.3.0\src\StatementGoto.h">
      <Filter>Header Files</Filter>
    </ClInclude>
    <ClInclude Include="C:\Users\Zach\Desktop\csmith-2.3.0\src\StatementIf.h">
      <Filter>Header Files</Filter>
    </ClInclude>
    <ClInclude Include="C:\Users\Zach\Desktop\csmith-2.3.0\src\StatementReturn.h">
      <Filter>Header Files</Filter>
    </ClInclude>
    <ClInclude Include="C:\Users\Zach\Desktop\csmith-2.3.0\src\StringUtils.h">
      <Filter>Header Files</Filter>
    </ClInclude>
    <ClInclude Include="C:\Users\Zach\Desktop\csmith-2.3.0\src\Type.h">
      <Filter>Header Files</Filter>
    </ClInclude>
    <ClInclude Include="C:\Users\Zach\Desktop\csmith-2.3.0\src\Variable.h">
      <Filter>Header Files</Filter>
    </ClInclude>
    <ClInclude Include="C:\Users\Zach\Desktop\csmith-2.3.0\src\VariableSelector.h">
      <Filter>Header Files</Filter>
    </ClInclude>
    <ClInclude Include="C:\Users\Zach\Desktop\csmith-2.3.0\src\VectorFilter.h">
      <Filter>Header Files</Filter>
    </ClInclude>
    <ClInclude Include="C:\Users\Zach\Desktop\csmith-2.3.0\src\git_version.h">
      <Filter>Header Files</Filter>
    </ClInclude>
    <ClInclude Include="C:\Users\Zach\Desktop\csmith-2.3.0\src\platform.h">
      <Filter>Header Files</Filter>
    </ClInclude>
    <ClInclude Include="C:\Users\Zach\Desktop\csmith-2.3.0\src\random.h">
      <Filter>Header Files</Filter>
    </ClInclude>
    <ClInclude Include="C:\Users\Zach\Desktop\csmith-2.3.0\src\util.h">
      <Filter>Header Files</Filter>
    </ClInclude>
    <ClInclude Include="C:\Users\Zach\Desktop\csmith-2.3.0\src\rand48\rand48.h">
      <Filter>Header Files</Filter>
    </ClInclude>
  </ItemGroup>
  <ItemGroup>
    <CustomBuild Include="C:\Users\Zach\Desktop\csmith-2.3.0\src\CMakeLists.txt" />
  </ItemGroup>
  <ItemGroup>
    <Filter Include="Header Files">
      <UniqueIdentifier>{6301B2DF-7BC4-3F26-ACB0-B94191628D33}</UniqueIdentifier>
    </Filter>
    <Filter Include="Source Files">
      <UniqueIdentifier>{32B83E6A-90FA-3F43-A924-8298FA9D9C79}</UniqueIdentifier>
    </Filter>
  </ItemGroup>
</Project>
