Microsoft Visual Studio Solution File, Format Version 12.00
# Visual Studio 15
VisualStudioVersion = 15.0.27004.2009
MinimumVisualStudioVersion = 10.0.40219.1
Project("{8BC9CEB8-8B4A-11D0-8D11-00A0C91BC942}") = "csmith", "csmith.vcxproj", "{90E9B202-A9FE-3265-9778-D2ABBA17ED40}"
EndProject
Global
	GlobalSection(SolutionConfigurationPlatforms) = preSolution
		Debug|Win32 = Debug|Win32
		MinSizeRel|Win32 = MinSizeRel|Win32
		Release|Win32 = Release|Win32
		RelWithDebInfo|Win32 = RelWithDebInfo|Win32
	EndGlobalSection
	GlobalSection(ProjectConfigurationPlatforms) = postSolution
		{90E9B202-A9FE-3265-9778-D2ABBA17ED40}.Debug|Win32.ActiveCfg = Debug|Win32
		{90E9B202-A9FE-3265-9778-D2ABBA17ED40}.Debug|Win32.Build.0 = Debug|Win32
		{90E9B202-A9FE-3265-9778-D2ABBA17ED40}.MinSizeRel|Win32.ActiveCfg = MinSizeRel|Win32
		{90E9B202-A9FE-3265-9778-D2ABBA17ED40}.MinSizeRel|Win32.Build.0 = MinSizeRel|Win32
		{90E9B202-A9FE-3265-9778-D2ABBA17ED40}.Release|Win32.ActiveCfg = Release|Win32
		{90E9B202-A9FE-3265-9778-D2ABBA17ED40}.Release|Win32.Build.0 = Release|Win32
		{90E9B202-A9FE-3265-9778-D2ABBA17ED40}.RelWithDebInfo|Win32.ActiveCfg = RelWithDebInfo|Win32
		{90E9B202-A9FE-3265-9778-D2ABBA17ED40}.RelWithDebInfo|Win32.Build.0 = RelWithDebInfo|Win32
	EndGlobalSection
	GlobalSection(SolutionProperties) = preSolution
		HideSolutionNode = FALSE
	EndGlobalSection
	GlobalSection(ExtensibilityGlobals) = postSolution
		SolutionGuid = {7E1FD934-0848-33AE-91AD-D95B5D1D72CA}
	EndGlobalSection
EndGlobal
